// !$*UTF8*$!
{
	archiveVersion = 1;
	classes = {
	};
	objectVersion = 48;
	objects = {

/* Begin PBXBuildFile section */
		8FF376331FC76CE90007D9C6 /* Fuzzy.framework in Frameworks */ = {isa = PBXBuildFile; fileRef = 8FF376291FC76CE90007D9C6 /* Fuzzy.framework */; };
		8FF376381FC76CE90007D9C6 /* FuzzyTests.swift in Sources */ = {isa = PBXBuildFile; fileRef = 8FF376371FC76CE90007D9C6 /* FuzzyTests.swift */; };
		8FF3763A1FC76CE90007D9C6 /* Fuzzy.h in Headers */ = {isa = PBXBuildFile; fileRef = 8FF3762C1FC76CE90007D9C6 /* Fuzzy.h */; settings = {ATTRIBUTES = (Public, ); }; };
/* End PBXBuildFile section */

/* Begin PBXContainerItemProxy section */
		8FF376341FC76CE90007D9C6 /* PBXContainerItemProxy */ = {
			isa = PBXContainerItemProxy;
			containerPortal = 8FF376201FC76CE90007D9C6 /* Project object */;
			proxyType = 1;
			remoteGlobalIDString = 8FF376281FC76CE90007D9C6;
			remoteInfo = Fuzzy;
		};
/* End PBXContainerItemProxy section */

/* Begin PBXFileReference section */
		8FF376291FC76CE90007D9C6 /* Fuzzy.framework */ = {isa = PBXFileReference; explicitFileType = wrapper.framework; includeInIndex = 0; path = Fuzzy.framework; sourceTree = BUILT_PRODUCTS_DIR; };
		8FF3762C1FC76CE90007D9C6 /* Fuzzy.h */ = {isa = PBXFileReference; lastKnownFileType = sourcecode.c.h; path = Fuzzy.h; sourceTree = "<group>"; };
		8FF3762D1FC76CE90007D9C6 /* Info.plist */ = {isa = PBXFileReference; lastKnownFileType = text.plist.xml; path = Info.plist; sourceTree = "<group>"; };
		8FF376321FC76CE90007D9C6 /* FuzzyTests.xctest */ = {isa = PBXFileReference; explicitFileType = wrapper.cfbundle; includeInIndex = 0; path = FuzzyTests.xctest; sourceTree = BUILT_PRODUCTS_DIR; };
		8FF376371FC76CE90007D9C6 /* FuzzyTests.swift */ = {isa = PBXFileReference; lastKnownFileType = sourcecode.swift; path = FuzzyTests.swift; sourceTree = "<group>"; };
		8FF376391FC76CE90007D9C6 /* Info.plist */ = {isa = PBXFileReference; lastKnownFileType = text.plist.xml; path = Info.plist; sourceTree = "<group>"; };
/* End PBXFileReference section */

/* Begin PBXFrameworksBuildPhase section */
		8FF376251FC76CE90007D9C6 /* Frameworks */ = {
			isa = PBXFrameworksBuildPhase;
			buildActionMask = 2147483647;
			files = (
			);
			runOnlyForDeploymentPostprocessing = 0;
		};
		8FF3762F1FC76CE90007D9C6 /* Frameworks */ = {
			isa = PBXFrameworksBuildPhase;
			buildActionMask = 2147483647;
			files = (
				8FF376331FC76CE90007D9C6 /* Fuzzy.framework in Frameworks */,
			);
			runOnlyForDeploymentPostprocessing = 0;
		};
/* End PBXFrameworksBuildPhase section */

/* Begin PBXGroup section */
		8FF3761F1FC76CE90007D9C6 = {
			isa = PBXGroup;
			children = (
				8FF3762B1FC76CE90007D9C6 /* Fuzzy */,
				8FF376361FC76CE90007D9C6 /* FuzzyTests */,
				8FF3762A1FC76CE90007D9C6 /* Products */,
			);
			sourceTree = "<group>";
		};
		8FF3762A1FC76CE90007D9C6 /* Products */ = {
			isa = PBXGroup;
			children = (
				8FF376291FC76CE90007D9C6 /* Fuzzy.framework */,
				8FF376321FC76CE90007D9C6 /* FuzzyTests.xctest */,
			);
			name = Products;
			sourceTree = "<group>";
		};
		8FF3762B1FC76CE90007D9C6 /* Fuzzy */ = {
			isa = PBXGroup;
			children = (
				8FF3762C1FC76CE90007D9C6 /* Fuzzy.h */,
				8FF3762D1FC76CE90007D9C6 /* Info.plist */,
			);
			path = Fuzzy;
			sourceTree = "<group>";
		};
		8FF376361FC76CE90007D9C6 /* FuzzyTests */ = {
			isa = PBXGroup;
			children = (
				8FF376371FC76CE90007D9C6 /* FuzzyTests.swift */,
				8FF376391FC76CE90007D9C6 /* Info.plist */,
			);
			path = FuzzyTests;
			sourceTree = "<group>";
		};
/* End PBXGroup section */

/* Begin PBXHeadersBuildPhase section */
		8FF376261FC76CE90007D9C6 /* Headers */ = {
			isa = PBXHeadersBuildPhase;
			buildActionMask = 2147483647;
			files = (
				8FF3763A1FC76CE90007D9C6 /* Fuzzy.h in Headers */,
			);
			runOnlyForDeploymentPostprocessing = 0;
		};
/* End PBXHeadersBuildPhase section */

/* Begin PBXNativeTarget section */
		8FF376281FC76CE90007D9C6 /* Fuzzy */ = {
			isa = PBXNativeTarget;
			buildConfigurationList = 8FF3763D1FC76CE90007D9C6 /* Build configuration list for PBXNativeTarget "Fuzzy" */;
			buildPhases = (
				8FF376241FC76CE90007D9C6 /* Sources */,
				8FF376251FC76CE90007D9C6 /* Frameworks */,
				8FF376261FC76CE90007D9C6 /* Headers */,
				8FF376271FC76CE90007D9C6 /* Resources */,
			);
			buildRules = (
			);
			dependencies = (
			);
			name = Fuzzy;
			productName = Fuzzy;
			productReference = 8FF376291FC76CE90007D9C6 /* Fuzzy.framework */;
			productType = "com.apple.product-type.framework";
		};
		8FF376311FC76CE90007D9C6 /* FuzzyTests */ = {
			isa = PBXNativeTarget;
			buildConfigurationList = 8FF376401FC76CE90007D9C6 /* Build configuration list for PBXNativeTarget "FuzzyTests" */;
			buildPhases = (
				8FF3762E1FC76CE90007D9C6 /* Sources */,
				8FF3762F1FC76CE90007D9C6 /* Frameworks */,
				8FF376301FC76CE90007D9C6 /* Resources */,
			);
			buildRules = (
			);
			dependencies = (
				8FF376351FC76CE90007D9C6 /* PBXTargetDependency */,
			);
			name = FuzzyTests;
			productName = FuzzyTests;
			productReference = 8FF376321FC76CE90007D9C6 /* FuzzyTests.xctest */;
			productType = "com.apple.product-type.bundle.unit-test";
		};
/* End PBXNativeTarget section */

/* Begin PBXProject section */
		8FF376201FC76CE90007D9C6 /* Project object */ = {
			isa = PBXProject;
			attributes = {
				LastSwiftUpdateCheck = 0910;
				LastUpgradeCheck = 0910;
				ORGANIZATIONNAME = "Silverback IT";
				TargetAttributes = {
					8FF376281FC76CE90007D9C6 = {
						CreatedOnToolsVersion = 9.1;
						ProvisioningStyle = Automatic;
					};
					8FF376311FC76CE90007D9C6 = {
						CreatedOnToolsVersion = 9.1;
						ProvisioningStyle = Automatic;
					};
				};
			};
			buildConfigurationList = 8FF376231FC76CE90007D9C6 /* Build configuration list for PBXProject "Fuzzy" */;
			compatibilityVersion = "Xcode 8.0";
			developmentRegion = en;
			hasScannedForEncodings = 0;
			knownRegions = (
				en,
			);
			mainGroup = 8FF3761F1FC76CE90007D9C6;
			productRefGroup = 8FF3762A1FC76CE90007D9C6 /* Products */;
			projectDirPath = "";
			projectRoot = "";
			targets = (
				8FF376281FC76CE90007D9C6 /* Fuzzy */,
				8FF376311FC76CE90007D9C6 /* FuzzyTests */,
			);
		};
/* End PBXProject section */

/* Begin PBXResourcesBuildPhase section */
		8FF376271FC76CE90007D9C6 /* Resources */ = {
			isa = PBXResourcesBuildPhase;
			buildActionMask = 2147483647;
			files = (
			);
			runOnlyForDeploymentPostprocessing = 0;
		};
		8FF376301FC76CE90007D9C6 /* Resources */ = {
			isa = PBXResourcesBuildPhase;
			buildActionMask = 2147483647;
			files = (
			);
			runOnlyForDeploymentPostprocessing = 0;
		};
/* End PBXResourcesBuildPhase section */

/* Begin PBXSourcesBuildPhase section */
		8FF376241FC76CE90007D9C6 /* Sources */ = {
			isa = PBXSourcesBuildPhase;
			buildActionMask = 2147483647;
			files = (
			);
			runOnlyForDeploymentPostprocessing = 0;
		};
		8FF3762E1FC76CE90007D9C6 /* Sources */ = {
			isa = PBXSourcesBuildPhase;
			buildActionMask = 2147483647;
			files = (
				8FF376381FC76CE90007D9C6 /* FuzzyTests.swift in Sources */,
			);
			runOnlyForDeploymentPostprocessing = 0;
		};
/* End PBXSourcesBuildPhase section */

/* Begin PBXTargetDependency section */
		8FF376351FC76CE90007D9C6 /* PBXTargetDependency */ = {
			isa = PBXTargetDependency;
			target = 8FF376281FC76CE90007D9C6 /* Fuzzy */;
			targetProxy = 8FF376341FC76CE90007D9C6 /* PBXContainerItemProxy */;
		};
/* End PBXTargetDependency section */

/* Begin XCBuildConfiguration section */
		8FF3763B1FC76CE90007D9C6 /* Debug */ = {
			isa = XCBuildConfiguration;
			buildSettings = {
				ALWAYS_SEARCH_USER_PATHS = NO;
				CLANG_ANALYZER_NONNULL = YES;
				CLANG_ANALYZER_NUMBER_OBJECT_CONVERSION = YES_AGGRESSIVE;
				CLANG_CXX_LANGUAGE_STANDARD = "gnu++14";
				CLANG_CXX_LIBRARY = "libc++";
				CLANG_ENABLE_MODULES = YES;
				CLANG_ENABLE_OBJC_ARC = YES;
				CLANG_WARN_BLOCK_CAPTURE_AUTORELEASING = YES;
				CLANG_WARN_BOOL_CONVERSION = YES;
				CLANG_WARN_COMMA = YES;
				CLANG_WARN_CONSTANT_CONVERSION = YES;
				CLANG_WARN_DIRECT_OBJC_ISA_USAGE = YES_ERROR;
				CLANG_WARN_DOCUMENTATION_COMMENTS = YES;
				CLANG_WARN_EMPTY_BODY = YES;
				CLANG_WARN_ENUM_CONVERSION = YES;
				CLANG_WARN_INFINITE_RECURSION = YES;
				CLANG_WARN_INT_CONVERSION = YES;
				CLANG_WARN_NON_LITERAL_NULL_CONVERSION = YES;
				CLANG_WARN_OBJC_LITERAL_CONVERSION = YES;
				CLANG_WARN_OBJC_ROOT_CLASS = YES_ERROR;
				CLANG_WARN_RANGE_LOOP_ANALYSIS = YES;
				CLANG_WARN_STRICT_PROTOTYPES = YES;
				CLANG_WARN_SUSPICIOUS_MOVE = YES;
				CLANG_WARN_UNGUARDED_AVAILABILITY = YES_AGGRESSIVE;
				CLANG_WARN_UNREACHABLE_CODE = YES;
				CLANG_WARN__DUPLICATE_METHOD_MATCH = YES;
				CODE_SIGN_IDENTITY = "iPhone Developer";
				COPY_PHASE_STRIP = NO;
				CURRENT_PROJECT_VERSION = 1;
				DEBUG_INFORMATION_FORMAT = dwarf;
				ENABLE_STRICT_OBJC_MSGSEND = YES;
				ENABLE_TESTABILITY = YES;
				GCC_C_LANGUAGE_STANDARD = gnu11;
				GCC_DYNAMIC_NO_PIC = NO;
				GCC_NO_COMMON_BLOCKS = YES;
				GCC_OPTIMIZATION_LEVEL = 0;
				GCC_PREPROCESSOR_DEFINITIONS = (
					"DEBUG=1",
					"$(inherited)",
				);
				GCC_WARN_64_TO_32_BIT_CONVERSION = YES;
				GCC_WARN_ABOUT_RETURN_TYPE = YES_ERROR;
				GCC_WARN_UNDECLARED_SELECTOR = YES;
				GCC_WARN_UNINITIALIZED_AUTOS = YES_AGGRESSIVE;
				GCC_WARN_UNUSED_FUNCTION = YES;
				GCC_WARN_UNUSED_VARIABLE = YES;
				IPHONEOS_DEPLOYMENT_TARGET = 11.1;
				MTL_ENABLE_DEBUG_INFO = YES;
				ONLY_ACTIVE_ARCH = YES;
				SDKROOT = iphoneos;
				SWIFT_ACTIVE_COMPILATION_CONDITIONS = DEBUG;
				SWIFT_OPTIMIZATION_LEVEL = "-Onone";
				VERSIONING_SYSTEM = "apple-generic";
				VERSION_INFO_PREFIX = "";
			};
			name = Debug;
		};
		8FF3763C1FC76CE90007D9C6 /* Release */ = {
			isa = XCBuildConfiguration;
			buildSettings = {
				ALWAYS_SEARCH_USER_PATHS = NO;
				CLANG_ANALYZER_NONNULL = YES;
				CLANG_ANALYZER_NUMBER_OBJECT_CONVERSION = YES_AGGRESSIVE;
				CLANG_CXX_LANGUAGE_STANDARD = "gnu++14";
				CLANG_CXX_LIBRARY = "libc++";
				CLANG_ENABLE_MODULES = YES;
				CLANG_ENABLE_OBJC_ARC = YES;
				CLANG_WARN_BLOCK_CAPTURE_AUTORELEASING = YES;
				CLANG_WARN_BOOL_CONVERSION = YES;
				CLANG_WARN_COMMA = YES;
				CLANG_WARN_CONSTANT_CONVERSION = YES;
				CLANG_WARN_DIRECT_OBJC_ISA_USAGE = YES_ERROR;
				CLANG_WARN_DOCUMENTATION_COMMENTS = YES;
				CLANG_WARN_EMPTY_BODY = YES;
				CLANG_WARN_ENUM_CONVERSION = YES;
				CLANG_WARN_INFINITE_RECURSION = YES;
				CLANG_WARN_INT_CONVERSION = YES;
				CLANG_WARN_NON_LITERAL_NULL_CONVERSION = YES;
				CLANG_WARN_OBJC_LITERAL_CONVERSION = YES;
				CLANG_WARN_OBJC_ROOT_CLASS = YES_ERROR;
				CLANG_WARN_RANGE_LOOP_ANALYSIS = YES;
				CLANG_WARN_STRICT_PROTOTYPES = YES;
				CLANG_WARN_SUSPICIOUS_MOVE = YES;
				CLANG_WARN_UNGUARDED_AVAILABILITY = YES_AGGRESSIVE;
				CLANG_WARN_UNREACHABLE_CODE = YES;
				CLANG_WARN__DUPLICATE_METHOD_MATCH = YES;
				CODE_SIGN_IDENTITY = "iPhone Developer";
				COPY_PHASE_STRIP = NO;
				CURRENT_PROJECT_VERSION = 1;
				DEBUG_INFORMATION_FORMAT = "dwarf-with-dsym";
				ENABLE_NS_ASSERTIONS = NO;
				ENABLE_STRICT_OBJC_MSGSEND = YES;
				GCC_C_LANGUAGE_STANDARD = gnu11;
				GCC_NO_COMMON_BLOCKS = YES;
				GCC_WARN_64_TO_32_BIT_CONVERSION = YES;
				GCC_WARN_ABOUT_RETURN_TYPE = YES_ERROR;
				GCC_WARN_UNDECLARED_SELECTOR = YES;
				GCC_WARN_UNINITIALIZED_AUTOS = YES_AGGRESSIVE;
				GCC_WARN_UNUSED_FUNCTION = YES;
				GCC_WARN_UNUSED_VARIABLE = YES;
				IPHONEOS_DEPLOYMENT_TARGET = 11.1;
				MTL_ENABLE_DEBUG_INFO = NO;
				SDKROOT = iphoneos;
				SWIFT_OPTIMIZATION_LEVEL = "-Owholemodule";
				VALIDATE_PRODUCT = YES;
				VERSIONING_SYSTEM = "apple-generic";
				VERSION_INFO_PREFIX = "";
			};
			name = Release;
		};
		8FF3763E1FC76CE90007D9C6 /* Debug */ = {
			isa = XCBuildConfiguration;
			buildSettings = {
				CODE_SIGN_IDENTITY = "";
				CODE_SIGN_STYLE = Automatic;
				DEFINES_MODULE = YES;
				DEVELOPMENT_TEAM = 9HQR3Y4WE5;
				DYLIB_COMPATIBILITY_VERSION = 1;
				DYLIB_CURRENT_VERSION = 1;
				DYLIB_INSTALL_NAME_BASE = "@rpath";
				INFOPLIST_FILE = Fuzzy/Info.plist;
				INSTALL_PATH = "$(LOCAL_LIBRARY_DIR)/Frameworks";
				LD_RUNPATH_SEARCH_PATHS = "$(inherited) @executable_path/Frameworks @loader_path/Frameworks";
				PRODUCT_BUNDLE_IDENTIFIER = "silverback-it.com.Fuzzy";
				PRODUCT_NAME = "$(TARGET_NAME:c99extidentifier)";
				SKIP_INSTALL = YES;
				SWIFT_VERSION = 4.0;
				TARGETED_DEVICE_FAMILY = "1,2";
			};
			name = Debug;
		};
		8FF3763F1FC76CE90007D9C6 /* Release */ = {
			isa = XCBuildConfiguration;
			buildSettings = {
				CODE_SIGN_IDENTITY = "";
				CODE_SIGN_STYLE = Automatic;
				DEFINES_MODULE = YES;
				DEVELOPMENT_TEAM = 9HQR3Y4WE5;
				DYLIB_COMPATIBILITY_VERSION = 1;
				DYLIB_CURRENT_VERSION = 1;
				DYLIB_INSTALL_NAME_BASE = "@rpath";
				INFOPLIST_FILE = Fuzzy/Info.plist;
				INSTALL_PATH = "$(LOCAL_LIBRARY_DIR)/Frameworks";
				LD_RUNPATH_SEARCH_PATHS = "$(inherited) @executable_path/Frameworks @loader_path/Frameworks";
				PRODUCT_BUNDLE_IDENTIFIER = "silverback-it.com.Fuzzy";
				PRODUCT_NAME = "$(TARGET_NAME:c99extidentifier)";
				SKIP_INSTALL = YES;
				SWIFT_VERSION = 4.0;
				TARGETED_DEVICE_FAMILY = "1,2";
			};
			name = Release;
		};
		8FF376411FC76CE90007D9C6 /* Debug */ = {
			isa = XCBuildConfiguration;
			buildSettings = {
				CODE_SIGN_STYLE = Automatic;
				DEVELOPMENT_TEAM = 9HQR3Y4WE5;
				INFOPLIST_FILE = FuzzyTests/Info.plist;
				LD_RUNPATH_SEARCH_PATHS = "$(inherited) @executable_path/Frameworks @loader_path/Frameworks";
				PRODUCT_BUNDLE_IDENTIFIER = "silverback-it.com.FuzzyTests";
				PRODUCT_NAME = "$(TARGET_NAME)";
				SWIFT_VERSION = 4.0;
				TARGETED_DEVICE_FAMILY = "1,2";
			};
			name = Debug;
		};
		8FF376421FC76CE90007D9C6 /* Release */ = {
			isa = XCBuildConfiguration;
			buildSettings = {
				CODE_SIGN_STYLE = Automatic;
				DEVELOPMENT_TEAM = 9HQR3Y4WE5;
				INFOPLIST_FILE = FuzzyTests/Info.plist;
				LD_RUNPATH_SEARCH_PATHS = "$(inherited) @executable_path/Frameworks @loader_path/Frameworks";
				PRODUCT_BUNDLE_IDENTIFIER = "silverback-it.com.FuzzyTests";
				PRODUCT_NAME = "$(TARGET_NAME)";
				SWIFT_VERSION = 4.0;
				TARGETED_DEVICE_FAMILY = "1,2";
			};
			name = Release;
		};
/* End XCBuildConfiguration section */

/* Begin XCConfigurationList section */
		8FF376231FC76CE90007D9C6 /* Build configuration list for PBXProject "Fuzzy" */ = {
			isa = XCConfigurationList;
			buildConfigurations = (
				8FF3763B1FC76CE90007D9C6 /* Debug */,
				8FF3763C1FC76CE90007D9C6 /* Release */,
			);
			defaultConfigurationIsVisible = 0;
			defaultConfigurationName = Release;
		};
		8FF3763D1FC76CE90007D9C6 /* Build configuration list for PBXNativeTarget "Fuzzy" */ = {
			isa = XCConfigurationList;
			buildConfigurations = (
				8FF3763E1FC76CE90007D9C6 /* Debug */,
				8FF3763F1FC76CE90007D9C6 /* Release */,
			);
			defaultConfigurationIsVisible = 0;
			defaultConfigurationName = Release;
		};
		8FF376401FC76CE90007D9C6 /* Build configuration list for PBXNativeTarget "FuzzyTests" */ = {
			isa = XCConfigurationList;
			buildConfigurations = (
				8FF376411FC76CE90007D9C6 /* Debug */,
				8FF376421FC76CE90007D9C6 /* Release */,
			);
			defaultConfigurationIsVisible = 0;
			defaultConfigurationName = Release;
		};
/* End XCConfigurationList section */
	};
	rootObject = 8FF376201FC76CE90007D9C6 /* Project object */;
}
